<Solution>
  <Project Path="QuestAlarm.Application.Tests/QuestAlarm.Application.Tests.csproj" DisplayName="QuestAlarm.Application.Tests" />
  <Project Path="QuestAlarm.Application/QuestAlarm.Application.csproj" DisplayName="QuestAlarm.Application" />
  <Project Path="QuestAlarm.Api/QuestAlarm.Api.csproj" DisplayName="QuestAlarm.Api" />
  <Project Path="QuestAlarm.Desktop/QuestAlarm.Desktop.csproj" DisplayName="QuestAlarm.Desktop" />
  <Project Path="QuestAlarm.Desktop.Tests/QuestAlarm.Desktop.Tests.csproj" DisplayName="QuestAlarm.Desktop.Tests" />
  <Project Path="QuestAlarm.FakeChallengeClient/QuestAlarm.FakeChallengeClient.csproj" DisplayName="QuestAlarm.FakeChallengeClient" />
  <Project Path="QuestAlarm.Core.Tests/QuestAlarm.Core.Tests.csproj" DisplayName="QuestAlarm.Core.Tests" />
  <Project Path="QuestAlarm.Infrastructure.Tests/QuestAlarm.Infrastructure.Tests.csproj" DisplayName="QuestAlarm.Infrastructure.Tests" />
  <Project Path="QuestAlarm.console/QuestAlarm.Console.csproj" DisplayName="QuestAlarm.Console" />
  <Project Path="QuestAlarm.core/QuestAlarm.Core.csproj" DisplayName="QuestAlarm.Core" />
  <Project Path="QuestAlarm.infrastructure/QuestAlarm.Infrastructure.csproj" DisplayName="QuestAlarm.Infrastructure" />
</Solution>
